
Microsoft Visual Studio Solution File, Format Version 12.00
# Visual Studio Version 17
VisualStudioVersion = 17.10.35027.167
MinimumVisualStudioVersion = 10.0.40219.1
Project("{8BC9CEB8-8B4A-11D0-8D11-00A0C91BC942}") = "test_11_11", "test_11_11\test_11_11.vcxproj", "{911D49F1-9111-464E-BE1C-0E54C7E46AF1}"
EndProject
Global
	GlobalSection(SolutionConfigurationPlatforms) = preSolution
		Debug|x64 = Debug|x64
		Debug|x86 = Debug|x86
		Release|x64 = Release|x64
		Release|x86 = Release|x86
	EndGlobalSection
	GlobalSection(ProjectConfigurationPlatforms) = postSolution
		{911D49F1-9111-464E-BE1C-0E54C7E46AF1}.Debug|x64.ActiveCfg = Debug|x64
		{911D49F1-9111-464E-BE1C-0E54C7E46AF1}.Debug|x64.Build.0 = Debug|x64
		{911D49F1-9111-464E-BE1C-0E54C7E46AF1}.Debug|x86.ActiveCfg = Debug|Win32
		{911D49F1-9111-464E-BE1C-0E54C7E46AF1}.Debug|x86.Build.0 = Debug|Win32
		{911D49F1-9111-464E-BE1C-0E54C7E46AF1}.Release|x64.ActiveCfg = Release|x64
		{911D49F1-9111-464E-BE1C-0E54C7E46AF1}.Release|x64.Build.0 = Release|x64
		{911D49F1-9111-464E-BE1C-0E54C7E46AF1}.Release|x86.ActiveCfg = Release|Win32
		{911D49F1-9111-464E-BE1C-0E54C7E46AF1}.Release|x86.Build.0 = Release|Win32
	EndGlobalSection
	GlobalSection(SolutionProperties) = preSolution
		HideSolutionNode = FALSE
	EndGlobalSection
	GlobalSection(ExtensibilityGlobals) = postSolution
		SolutionGuid = {72934E59-9C9D-4843-BB37-DAC7AE2EAB8E}
	EndGlobalSection
EndGlobal
